{
  "name": "practice",
  "version": "1.0.0",
  "lockfileVersion": 3,
  "requires": true,
  "packages": {
    "": {
      "name": "practice",
      "version": "1.0.0",
      "license": "ISC",
      "dependencies": {
        "playwright": "^1.52.0"
      }
    },
    "node_modules/playwright": {
      "version": "1.52.0",
      "dependencies": {
        "playwright-core": "1.52.0"
      },
      "bin": {
        "playwright": "cli.js"
      }
    },
    "node_modules/playwright-core": {
      "version": "1.52.0",
      "bin": {
        "playwright-core": "cli.js"
      }
    }
  }
}
